<?xml version="1.0" encoding="UTF-8" standalone="yes" ?>
<CodeBlocks_project_file>
	<FileVersion major="1" minor="6" />
	<Project>
		<Option title="ZDX" />
		<Option pch_mode="2" />
		<Option compiler="gcc" />
		<Build>
			<Target title="dll">
				<Option output="ZDX" prefix_auto="1" extension_auto="1" />
				<Option object_output="obj/" />
				<Option type="3" />
				<Option compiler="gcc" />
			</Target>
		</Build>
		<Compiler>
			<Add option="-Wfatal-errors" />
			<Add option="-Wextra" />
			<Add option="-Wall" />
			<Add option="-O3" />
			<Add option="-flto" />
			<Add option="-fexpensive-optimizations" />
			<Add directory="../ZTM" />
			<Add directory="../ZTL" />
		</Compiler>
		<Linker>
			<Add option="-O3" />
			<Add option="-flto" />
			<Add option="-s" />
			<Add directory="../ZTM" />
			<Add directory="../ZTL" />
			<Add option="-lZTM" />
			<Add option="-lZTL" />
		</Linker>
		<Unit filename="ZDX.c">
			<Option compilerVar="CC" />
		</Unit>
		<Unit filename="ZDX.h" />
		<Unit filename="ZDX_Data.c">
			<Option compilerVar="CC" />
		</Unit>
		<Unit filename="ZDX_Define.h" />
		<Unit filename="ZDX_Diagram.c">
			<Option compilerVar="CC" />
		</Unit>
		<Unit filename="ZDX_Interface.c">
			<Option compilerVar="CC" />
		</Unit>
		<Unit filename="ZDX_Shared.h" />
		<Unit filename="ZDX_Types.h" />
		<Unit filename="ZDX__Runtime.h" />
		<Extensions>
			<code_completion />
			<envvars />
			<debugger />
			<lib_finder disable_auto="1" />
		</Extensions>
	</Project>
</CodeBlocks_project_file>
