<?xml version="1.0" encoding="UTF-8" standalone="yes" ?>
<CodeBlocks_project_file>
	<FileVersion major="1" minor="6" />
	<Project>
		<Option title="ZTL" />
		<Option pch_mode="2" />
		<Option compiler="gcc" />
		<Build>
			<Target title="dll">
				<Option output="ZTL" prefix_auto="1" extension_auto="1" />
				<Option object_output="obj/" />
				<Option type="3" />
				<Option compiler="gcc" />
			</Target>
		</Build>
		<Compiler>
			<Add option="-Wfatal-errors" />
			<Add option="-Wextra" />
			<Add option="-Wall" />
			<Add option="-O3" />
			<Add option="-flto" />
			<Add directory="../ZTM" />
		</Compiler>
		<Linker>
			<Add option="-O3" />
			<Add option="-flto" />
			<Add option="-s" />
			<Add directory="../ZTM" />
			<Add option="-lZTM" />
			<Add option="-lwinmm -lcomdlg32" />
		</Linker>
		<Unit filename="ZTL.c">
			<Option compilerVar="CC" />
		</Unit>
		<Unit filename="ZTL.h" />
		<Unit filename="ZTL-DEFINE.h" />
		<Unit filename="ZTL-RT-WINDOWS.c">
			<Option compilerVar="CC" />
		</Unit>
		<Unit filename="ZTL-RT.c">
			<Option compilerVar="CC" />
		</Unit>
		<Unit filename="ZTL-RT.h" />
		<Extensions>
			<code_completion />
			<envvars />
			<debugger />
			<lib_finder disable_auto="1" />
		</Extensions>
	</Project>
</CodeBlocks_project_file>
