<?xml version="1.0" encoding="UTF-8" standalone="yes" ?>
<CodeBlocks_project_file>
	<FileVersion major="1" minor="6" />
	<Project>
		<Option title="ZTM" />
		<Option pch_mode="2" />
		<Option compiler="gcc" />
		<Build>
			<Target title="dll">
				<Option output="ZTM" prefix_auto="1" extension_auto="1" />
				<Option object_output="obj/" />
				<Option type="3" />
				<Option compiler="gcc" />
			</Target>
		</Build>
		<Compiler>
			<Add option="-Wfatal-errors" />
			<Add option="-Wextra" />
			<Add option="-Wall" />
			<Add option="-O3" />
			<Add option="-flto" />
			<Add option="-fexpensive-optimizations" />
		</Compiler>
		<Linker>
			<Add option="-O3" />
			<Add option="-flto" />
			<Add option="-s" />
		</Linker>
		<Unit filename="ZTM.c">
			<Option compilerVar="CC" />
		</Unit>
		<Unit filename="ZTM.h" />
		<Unit filename="ZTMIO/ZTMIO.c">
			<Option compilerVar="CC" />
		</Unit>
		<Unit filename="ZTMIO/ZTMIO.h" />
		<Unit filename="ZTMKY/ZTMKY.c">
			<Option compilerVar="CC" />
		</Unit>
		<Unit filename="ZTMKY/ZTMKY.h" />
		<Unit filename="ZTMWV/ZTMWV.c">
			<Option compilerVar="CC" />
		</Unit>
		<Unit filename="ZTMWV/ZTMWV.h" />
		<Unit filename="ZTM-TYPE.h" />
		<Unit filename="ZTM-BUILD.h" />
		<Unit filename="ZTM-RT.c">
			<Option compilerVar="CC" />
		</Unit>
		<Unit filename="ZTM-RT.h" />
		<Unit filename="ZTM-char.c">
			<Option compilerVar="CC" />
		</Unit>
		<Unit filename="ZTM-char.h" />
		<Unit filename="ZTM-color.c">
			<Option compilerVar="CC" />
		</Unit>
		<Unit filename="ZTM-color.h" />
		<Unit filename="ZTM-color-vga.h" />
		<Unit filename="ZTM-color-x11.h" />
		<Unit filename="ZTM-hash.c">
			<Option compilerVar="CC" />
		</Unit>
		<Unit filename="ZTM-hash.h" />
		<Unit filename="ZTM-hash-md5.c">
			<Option compilerVar="CC" />
		</Unit>
		<Unit filename="ZTM-hash-md5.h" />
		<Unit filename="ZTM-list.c">
			<Option compilerVar="CC" />
		</Unit>
		<Unit filename="ZTM-list.h" />
		<Unit filename="ZTM-pixel.c">
			<Option compilerVar="CC" />
		</Unit>
		<Unit filename="ZTM-pixel.h" />
		<Unit filename="ZTM-surface.c">
			<Option compilerVar="CC" />
		</Unit>
		<Unit filename="ZTM-surface.h" />
		<Unit filename="ZTM-time.c">
			<Option compilerVar="CC" />
		</Unit>
		<Unit filename="ZTM-time.h" />
		<Extensions>
			<code_completion />
			<envvars />
			<debugger />
			<lib_finder disable_auto="1" />
		</Extensions>
	</Project>
</CodeBlocks_project_file>
