<?xml version="1.0" encoding="UTF-8" standalone="yes" ?>
<CodeBlocks_project_file>
	<FileVersion major="1" minor="6" />
	<Project>
		<Option title="ZTK" />
		<Option pch_mode="2" />
		<Option compiler="gcc" />
		<Build>
			<Target title="dll">
				<Option output="ZTK" prefix_auto="1" extension_auto="1" />
				<Option object_output="obj/" />
				<Option type="3" />
				<Option compiler="gcc" />
			</Target>
		</Build>
		<Compiler>
			<Add option="-Wfatal-errors" />
			<Add option="-Wextra" />
			<Add option="-Wall" />
			<Add option="-O3" />
			<Add option="-flto" />
			<Add option="-fexpensive-optimizations" />
			<Add directory="../ZTM" />
			<Add directory="../ZTL" />
		</Compiler>
		<Linker>
			<Add option="-O3" />
			<Add option="-flto" />
			<Add option="-s" />
			<Add directory="../ZTM" />
			<Add directory="../ZTL" />
			<Add option="-lZTM" />
			<Add option="-lZTL" />
			<Add option="-lgdi32 -lmsimg32 -lopengl32 -lglu32" />
		</Linker>
		<Unit filename="ZTGL.c">
			<Option compilerVar="CC" />
		</Unit>
		<Unit filename="ZTGL.h" />
		<Unit filename="ZTGL-RT.c">
			<Option compilerVar="CC" />
		</Unit>
		<Unit filename="ZTGL-RT.h" />
		<Unit filename="ZTK.c">
			<Option compilerVar="CC" />
		</Unit>
		<Unit filename="ZTK.h" />
		<Unit filename="ZTK-BUILD.h" />
		<Unit filename="ZTK-DEFAULT.h" />
		<Unit filename="ZTK-DEFINE.h" />
		<Unit filename="ZTK-DEFINE-ID.h" />
		<Unit filename="ZTK-DEFINE-RES.h" />
		<Unit filename="ZTK-Printer.c">
			<Option compilerVar="CC" />
		</Unit>
		<Unit filename="ZTK-Printer.h" />
		<Unit filename="ZTK-TYPE.h" />
		<Unit filename="ZTK-RT-EVENT.c">
			<Option compilerVar="CC" />
		</Unit>
		<Unit filename="ZTK-RT-EVENT.h" />
		<Unit filename="ZTK-RT-MSG.c">
			<Option compilerVar="CC" />
		</Unit>
		<Unit filename="ZTK-RT-MSG.h" />
		<Unit filename="ZTK-RT.c">
			<Option compilerVar="CC" />
		</Unit>
		<Unit filename="ZTK-RT.h" />
		<Unit filename="ZTK-RT-Font.h" />
		<Unit filename="ZTK-RT-Printer.h" />
		<Unit filename="ZTW32.c">
			<Option compilerVar="CC" />
		</Unit>
		<Unit filename="ZTW32.h" />
		<Unit filename="ZTW32-Draw.c">
			<Option compilerVar="CC" />
		</Unit>
		<Unit filename="ZTW32-DEBUG.c">
			<Option compilerVar="CC" />
		</Unit>
		<Unit filename="ZTW32-RT.h" />
		<Unit filename="ZTK-Font.c">
			<Option compilerVar="CC" />
		</Unit>
		<Unit filename="ZTK-Font.h" />
		<Unit filename="ZTK-Sprite.c">
			<Option compilerVar="CC" />
		</Unit>
		<Unit filename="ZTK-Sprite.h" />
		<Extensions>
			<code_completion />
			<envvars />
			<debugger />
			<lib_finder disable_auto="1" />
		</Extensions>
	</Project>
</CodeBlocks_project_file>
